{
  "object": {
    "pins": [
      {
        "package": "DDS",
        "repositoryURL": "/Users/matsuji/Documents/programming/swift/library/DDS",
        "state": {
          "branch": "main",
          "revision": "9190a29469f5a6cca6d7af493e0eff3b41374643",
          "version": null
        }
      },
      {
        "package": "SFSafeSymbols",
        "repositoryURL": "https://github.com/piknotech/SFSafeSymbols.git",
        "state": {
          "branch": null,
          "revision": "c61de7a6e9eb1520d32316b06d5932accd974e70",
          "version": "2.1.3"
        }
      }
    ]
  },
  "version": 1
}
