{
  "object": {
    "pins": [
      {
        "package": "DeerDesignSystem",
        "repositoryURL": "https://github.com/mtj0928/DeerDesignSystem",
        "state": {
          "branch": "main",
          "revision": "bad08abfb9e3e33fb907b998df3c5b7d07adb6b6",
          "version": null
        }
      },
      {
        "package": "SFSafeSymbols",
        "repositoryURL": "https://github.com/piknotech/SFSafeSymbols.git",
        "state": {
          "branch": null,
          "revision": "c61de7a6e9eb1520d32316b06d5932accd974e70",
          "version": "2.1.3"
        }
      }
    ]
  },
  "version": 1
}
